
Microsoft Visual Studio Solution File, Format Version 12.00
# Visual Studio Version 17
VisualStudioVersion = 17.2.32630.192
MinimumVisualStudioVersion = 10.0.40219.1
Project("{FAE04EC0-301F-11D3-BF4B-00C04F79EFBC}") = "Dish", "Dish\Dish.csproj", "{CB22CA6C-92CE-49DB-8CC2-A21C4B183BC9}"
EndProject
Project("{FAE04EC0-301F-11D3-BF4B-00C04F79EFBC}") = "DishTest", "DishTest\DishTest.csproj", "{66885DCA-8DB1-475B-B719-F3812F6C2805}"
EndProject
Global
	GlobalSection(SolutionConfigurationPlatforms) = preSolution
		Debug|Any CPU = Debug|Any CPU
		Release|Any CPU = Release|Any CPU
	EndGlobalSection
	GlobalSection(ProjectConfigurationPlatforms) = postSolution
		{CB22CA6C-92CE-49DB-8CC2-A21C4B183BC9}.Debug|Any CPU.ActiveCfg = Debug|Any CPU
		{CB22CA6C-92CE-49DB-8CC2-A21C4B183BC9}.Debug|Any CPU.Build.0 = Debug|Any CPU
		{CB22CA6C-92CE-49DB-8CC2-A21C4B183BC9}.Release|Any CPU.ActiveCfg = Release|Any CPU
		{CB22CA6C-92CE-49DB-8CC2-A21C4B183BC9}.Release|Any CPU.Build.0 = Release|Any CPU
		{66885DCA-8DB1-475B-B719-F3812F6C2805}.Debug|Any CPU.ActiveCfg = Debug|Any CPU
		{66885DCA-8DB1-475B-B719-F3812F6C2805}.Debug|Any CPU.Build.0 = Debug|Any CPU
		{66885DCA-8DB1-475B-B719-F3812F6C2805}.Release|Any CPU.ActiveCfg = Release|Any CPU
		{66885DCA-8DB1-475B-B719-F3812F6C2805}.Release|Any CPU.Build.0 = Release|Any CPU
	EndGlobalSection
	GlobalSection(SolutionProperties) = preSolution
		HideSolutionNode = FALSE
	EndGlobalSection
	GlobalSection(ExtensibilityGlobals) = postSolution
		SolutionGuid = {C9E30E3A-A380-46CF-8222-56AB89EA2D69}
	EndGlobalSection
EndGlobal
